{
  "name": "marketing",
  "lockfileVersion": 3,
  "requires": true,
  "packages": {
    "": {
      "name": "marketing",
      "dependencies": {
        "mp4-muxer": "^5.2.2"
      }
    },
    "node_modules/@types/dom-webcodecs": {
      "version": "0.1.19",
      "resolved": "https://registry.npmjs.org/@types/dom-webcodecs/-/dom-webcodecs-0.1.19.tgz",
      "integrity": "sha512-+yFUIDUaASFz0vQpWBErPxun/Lb+F0TdrlTsj50gm7K797YzEx2TmV6fEiwciHyFNghlZYPgQXH5qRcwMHcJFQ==",
      "license": "MIT"
    },
    "node_modules/@types/wicg-file-system-access": {
      "version": "2020.9.8",
      "resolved": "https://registry.npmjs.org/@types/wicg-file-system-access/-/wicg-file-system-access-2020.9.8.tgz",
      "integrity": "sha512-ggMz8nOygG7d/stpH40WVaNvBwuyYLnrg5Mbyf6bmsj/8+gb6Ei4ZZ9/4PNpcPNTT8th9Q8sM8wYmWGjMWLX/A==",
      "license": "MIT"
    },
    "node_modules/mp4-muxer": {
      "version": "5.2.2",
      "resolved": "https://registry.npmjs.org/mp4-muxer/-/mp4-muxer-5.2.2.tgz",
      "integrity": "sha512-dhozjTywI0h2qFzeShagt8YYw811fh1XlwiDCE2f6Aeqf6xG2CyuShoSa5E0AZDO8pPF0JOZ3wOmWBNWIGdSpQ==",
      "deprecated": "This library is superseded by Mediabunny. Please migrate to it.",
      "license": "MIT",
      "dependencies": {
        "@types/dom-webcodecs": "^0.1.6",
        "@types/wicg-file-system-access": "^2020.9.5"
      }
    }
  }
}
